
Microsoft Visual Studio Solution File, Format Version 12.00
# Visual Studio Version 17
VisualStudioVersion = 17.3.32929.385
MinimumVisualStudioVersion = 10.0.40219.1
Project("{9A19103F-16F7-4668-BE54-9A1E7A4F7556}") = "ArmClient", "ArmClient.csproj", "{BC9C0CD8-B990-44CB-84AE-783C05CC195B}"
EndProject
Global
	GlobalSection(SolutionConfigurationPlatforms) = preSolution
		Debug|Any CPU = Debug|Any CPU
		Release|Any CPU = Release|Any CPU
	EndGlobalSection
	GlobalSection(ProjectConfigurationPlatforms) = postSolution
		{BC9C0CD8-B990-44CB-84AE-783C05CC195B}.Debug|Any CPU.ActiveCfg = Debug|Any CPU
		{BC9C0CD8-B990-44CB-84AE-783C05CC195B}.Debug|Any CPU.Build.0 = Debug|Any CPU
		{BC9C0CD8-B990-44CB-84AE-783C05CC195B}.Release|Any CPU.ActiveCfg = Release|Any CPU
		{BC9C0CD8-B990-44CB-84AE-783C05CC195B}.Release|Any CPU.Build.0 = Release|Any CPU
	EndGlobalSection
	GlobalSection(SolutionProperties) = preSolution
		HideSolutionNode = FALSE
	EndGlobalSection
	GlobalSection(ExtensibilityGlobals) = postSolution
		SolutionGuid = {D6692D89-91CC-4016-BB13-6A21959CAE32}
	EndGlobalSection
EndGlobal
